// !$*UTF8*$!
{
	archiveVersion = 1;
	classes = {
	};
	objectVersion = 55;
	objects = {

/* Begin PBXBuildFile section */
		899E4245289CBDB700866A75 /* AppDelegate.swift in Sources */ = {isa = PBXBuildFile; fileRef = 899E4244289CBDB700866A75 /* AppDelegate.swift */; };
		899E4247289CBDB700866A75 /* SceneDelegate.swift in Sources */ = {isa = PBXBuildFile; fileRef = 899E4246289CBDB700866A75 /* SceneDelegate.swift */; };
		899E4249289CBDB700866A75 /* ViewController.swift in Sources */ = {isa = PBXBuildFile; fileRef = 899E4248289CBDB700866A75 /* ViewController.swift */; };
		899E424C289CBDB700866A75 /* Main.storyboard in Resources */ = {isa = PBXBuildFile; fileRef = 899E424A289CBDB700866A75 /* Main.storyboard */; };
		899E424E289CBDB800866A75 /* Assets.xcassets in Resources */ = {isa = PBXBuildFile; fileRef = 899E424D289CBDB800866A75 /* Assets.xcassets */; };
		899E4251289CBDB800866A75 /* LaunchScreen.storyboard in Resources */ = {isa = PBXBuildFile; fileRef = 899E424F289CBDB800866A75 /* LaunchScreen.storyboard */; };
		899E425C289CBDB800866A75 /* iOSPracticeTests.swift in Sources */ = {isa = PBXBuildFile; fileRef = 899E425B289CBDB800866A75 /* iOSPracticeTests.swift */; };
		899E4266289CBDB800866A75 /* iOSPracticeUITests.swift in Sources */ = {isa = PBXBuildFile; fileRef = 899E4265289CBDB800866A75 /* iOSPracticeUITests.swift */; };
		899E4268289CBDB800866A75 /* iOSPracticeUITestsLaunchTests.swift in Sources */ = {isa = PBXBuildFile; fileRef = 899E4267289CBDB800866A75 /* iOSPracticeUITestsLaunchTests.swift */; };
/* End PBXBuildFile section */

/* Begin PBXContainerItemProxy section */
		899E4258289CBDB800866A75 /* PBXContainerItemProxy */ = {
			isa = PBXContainerItemProxy;
			containerPortal = 899E4239289CBDB700866A75 /* Project object */;
			proxyType = 1;
			remoteGlobalIDString = 899E4240289CBDB700866A75;
			remoteInfo = iOSPractice;
		};
		899E4262289CBDB800866A75 /* PBXContainerItemProxy */ = {
			isa = PBXContainerItemProxy;
			containerPortal = 899E4239289CBDB700866A75 /* Project object */;
			proxyType = 1;
			remoteGlobalIDString = 899E4240289CBDB700866A75;
			remoteInfo = iOSPractice;
		};
/* End PBXContainerItemProxy section */

/* Begin PBXFileReference section */
		899E4241289CBDB700866A75 /* iOSPractice.app */ = {isa = PBXFileReference; explicitFileType = wrapper.application; includeInIndex = 0; path = iOSPractice.app; sourceTree = BUILT_PRODUCTS_DIR; };
		899E4244289CBDB700866A75 /* AppDelegate.swift */ = {isa = PBXFileReference; lastKnownFileType = sourcecode.swift; path = AppDelegate.swift; sourceTree = "<group>"; };
		899E4246289CBDB700866A75 /* SceneDelegate.swift */ = {isa = PBXFileReference; lastKnownFileType = sourcecode.swift; path = SceneDelegate.swift; sourceTree = "<group>"; };
		899E4248289CBDB700866A75 /* ViewController.swift */ = {isa = PBXFileReference; lastKnownFileType = sourcecode.swift; path = ViewController.swift; sourceTree = "<group>"; };
		899E424B289CBDB700866A75 /* Base */ = {isa = PBXFileReference; lastKnownFileType = file.storyboard; name = Base; path = Base.lproj/Main.storyboard; sourceTree = "<group>"; };
		899E424D289CBDB800866A75 /* Assets.xcassets */ = {isa = PBXFileReference; lastKnownFileType = folder.assetcatalog; path = Assets.xcassets; sourceTree = "<group>"; };
		899E4250289CBDB800866A75 /* Base */ = {isa = PBXFileReference; lastKnownFileType = file.storyboard; name = Base; path = Base.lproj/LaunchScreen.storyboard; sourceTree = "<group>"; };
		899E4252289CBDB800866A75 /* Info.plist */ = {isa = PBXFileReference; lastKnownFileType = text.plist.xml; path = Info.plist; sourceTree = "<group>"; };
		899E4257289CBDB800866A75 /* iOSPracticeTests.xctest */ = {isa = PBXFileReference; explicitFileType = wrapper.cfbundle; includeInIndex = 0; path = iOSPracticeTests.xctest; sourceTree = BUILT_PRODUCTS_DIR; };
		899E425B289CBDB800866A75 /* iOSPracticeTests.swift */ = {isa = PBXFileReference; lastKnownFileType = sourcecode.swift; path = iOSPracticeTests.swift; sourceTree = "<group>"; };
		899E4261289CBDB800866A75 /* iOSPracticeUITests.xctest */ = {isa = PBXFileReference; explicitFileType = wrapper.cfbundle; includeInIndex = 0; path = iOSPracticeUITests.xctest; sourceTree = BUILT_PRODUCTS_DIR; };
		899E4265289CBDB800866A75 /* iOSPracticeUITests.swift */ = {isa = PBXFileReference; lastKnownFileType = sourcecode.swift; path = iOSPracticeUITests.swift; sourceTree = "<group>"; };
		899E4267289CBDB800866A75 /* iOSPracticeUITestsLaunchTests.swift */ = {isa = PBXFileReference; lastKnownFileType = sourcecode.swift; path = iOSPracticeUITestsLaunchTests.swift; sourceTree = "<group>"; };
/* End PBXFileReference section */

/* Begin PBXFrameworksBuildPhase section */
		899E423E289CBDB700866A75 /* Frameworks */ = {
			isa = PBXFrameworksBuildPhase;
			buildActionMask = 2147483647;
			files = (
			);
			runOnlyForDeploymentPostprocessing = 0;
		};
		899E4254289CBDB800866A75 /* Frameworks */ = {
			isa = PBXFrameworksBuildPhase;
			buildActionMask = 2147483647;
			files = (
			);
			runOnlyForDeploymentPostprocessing = 0;
		};
		899E425E289CBDB800866A75 /* Frameworks */ = {
			isa = PBXFrameworksBuildPhase;
			buildActionMask = 2147483647;
			files = (
			);
			runOnlyForDeploymentPostprocessing = 0;
		};
/* End PBXFrameworksBuildPhase section */

/* Begin PBXGroup section */
		899E4238289CBDB700866A75 = {
			isa = PBXGroup;
			children = (
				899E4243289CBDB700866A75 /* iOSPractice */,
				899E425A289CBDB800866A75 /* iOSPracticeTests */,
				899E4264289CBDB800866A75 /* iOSPracticeUITests */,
				899E4242289CBDB700866A75 /* Products */,
			);
			sourceTree = "<group>";
		};
		899E4242289CBDB700866A75 /* Products */ = {
			isa = PBXGroup;
			children = (
				899E4241289CBDB700866A75 /* iOSPractice.app */,
				899E4257289CBDB800866A75 /* iOSPracticeTests.xctest */,
				899E4261289CBDB800866A75 /* iOSPracticeUITests.xctest */,
			);
			name = Products;
			sourceTree = "<group>";
		};
		899E4243289CBDB700866A75 /* iOSPractice */ = {
			isa = PBXGroup;
			children = (
				899E4244289CBDB700866A75 /* AppDelegate.swift */,
				899E4246289CBDB700866A75 /* SceneDelegate.swift */,
				899E4248289CBDB700866A75 /* ViewController.swift */,
				899E424A289CBDB700866A75 /* Main.storyboard */,
				899E424D289CBDB800866A75 /* Assets.xcassets */,
				899E424F289CBDB800866A75 /* LaunchScreen.storyboard */,
				899E4252289CBDB800866A75 /* Info.plist */,
			);
			path = iOSPractice;
			sourceTree = "<group>";
		};
		899E425A289CBDB800866A75 /* iOSPracticeTests */ = {
			isa = PBXGroup;
			children = (
				899E425B289CBDB800866A75 /* iOSPracticeTests.swift */,
			);
			path = iOSPracticeTests;
			sourceTree = "<group>";
		};
		899E4264289CBDB800866A75 /* iOSPracticeUITests */ = {
			isa = PBXGroup;
			children = (
				899E4265289CBDB800866A75 /* iOSPracticeUITests.swift */,
				899E4267289CBDB800866A75 /* iOSPracticeUITestsLaunchTests.swift */,
			);
			path = iOSPracticeUITests;
			sourceTree = "<group>";
		};
/* End PBXGroup section */

/* Begin PBXNativeTarget section */
		899E4240289CBDB700866A75 /* iOSPractice */ = {
			isa = PBXNativeTarget;
			buildConfigurationList = 899E426B289CBDB800866A75 /* Build configuration list for PBXNativeTarget "iOSPractice" */;
			buildPhases = (
				899E423D289CBDB700866A75 /* Sources */,
				899E423E289CBDB700866A75 /* Frameworks */,
				899E423F289CBDB700866A75 /* Resources */,
			);
			buildRules = (
			);
			dependencies = (
			);
			name = iOSPractice;
			productName = iOSPractice;
			productReference = 899E4241289CBDB700866A75 /* iOSPractice.app */;
			productType = "com.apple.product-type.application";
		};
		899E4256289CBDB800866A75 /* iOSPracticeTests */ = {
			isa = PBXNativeTarget;
			buildConfigurationList = 899E426E289CBDB800866A75 /* Build configuration list for PBXNativeTarget "iOSPracticeTests" */;
			buildPhases = (
				899E4253289CBDB800866A75 /* Sources */,
				899E4254289CBDB800866A75 /* Frameworks */,
				899E4255289CBDB800866A75 /* Resources */,
			);
			buildRules = (
			);
			dependencies = (
				899E4259289CBDB800866A75 /* PBXTargetDependency */,
			);
			name = iOSPracticeTests;
			productName = iOSPracticeTests;
			productReference = 899E4257289CBDB800866A75 /* iOSPracticeTests.xctest */;
			productType = "com.apple.product-type.bundle.unit-test";
		};
		899E4260289CBDB800866A75 /* iOSPracticeUITests */ = {
			isa = PBXNativeTarget;
			buildConfigurationList = 899E4271289CBDB800866A75 /* Build configuration list for PBXNativeTarget "iOSPracticeUITests" */;
			buildPhases = (
				899E425D289CBDB800866A75 /* Sources */,
				899E425E289CBDB800866A75 /* Frameworks */,
				899E425F289CBDB800866A75 /* Resources */,
			);
			buildRules = (
			);
			dependencies = (
				899E4263289CBDB800866A75 /* PBXTargetDependency */,
			);
			name = iOSPracticeUITests;
			productName = iOSPracticeUITests;
			productReference = 899E4261289CBDB800866A75 /* iOSPracticeUITests.xctest */;
			productType = "com.apple.product-type.bundle.ui-testing";
		};
/* End PBXNativeTarget section */

/* Begin PBXProject section */
		899E4239289CBDB700866A75 /* Project object */ = {
			isa = PBXProject;
			attributes = {
				BuildIndependentTargetsInParallel = 1;
				LastSwiftUpdateCheck = 1340;
				LastUpgradeCheck = 1340;
				TargetAttributes = {
					899E4240289CBDB700866A75 = {
						CreatedOnToolsVersion = 13.4;
					};
					899E4256289CBDB800866A75 = {
						CreatedOnToolsVersion = 13.4;
						TestTargetID = 899E4240289CBDB700866A75;
					};
					899E4260289CBDB800866A75 = {
						CreatedOnToolsVersion = 13.4;
						TestTargetID = 899E4240289CBDB700866A75;
					};
				};
			};
			buildConfigurationList = 899E423C289CBDB700866A75 /* Build configuration list for PBXProject "iOSPractice" */;
			compatibilityVersion = "Xcode 13.0";
			developmentRegion = en;
			hasScannedForEncodings = 0;
			knownRegions = (
				en,
				Base,
			);
			mainGroup = 899E4238289CBDB700866A75;
			productRefGroup = 899E4242289CBDB700866A75 /* Products */;
			projectDirPath = "";
			projectRoot = "";
			targets = (
				899E4240289CBDB700866A75 /* iOSPractice */,
				899E4256289CBDB800866A75 /* iOSPracticeTests */,
				899E4260289CBDB800866A75 /* iOSPracticeUITests */,
			);
		};
/* End PBXProject section */

/* Begin PBXResourcesBuildPhase section */
		899E423F289CBDB700866A75 /* Resources */ = {
			isa = PBXResourcesBuildPhase;
			buildActionMask = 2147483647;
			files = (
				899E4251289CBDB800866A75 /* LaunchScreen.storyboard in Resources */,
				899E424E289CBDB800866A75 /* Assets.xcassets in Resources */,
				899E424C289CBDB700866A75 /* Main.storyboard in Resources */,
			);
			runOnlyForDeploymentPostprocessing = 0;
		};
		899E4255289CBDB800866A75 /* Resources */ = {
			isa = PBXResourcesBuildPhase;
			buildActionMask = 2147483647;
			files = (
			);
			runOnlyForDeploymentPostprocessing = 0;
		};
		899E425F289CBDB800866A75 /* Resources */ = {
			isa = PBXResourcesBuildPhase;
			buildActionMask = 2147483647;
			files = (
			);
			runOnlyForDeploymentPostprocessing = 0;
		};
/* End PBXResourcesBuildPhase section */

/* Begin PBXSourcesBuildPhase section */
		899E423D289CBDB700866A75 /* Sources */ = {
			isa = PBXSourcesBuildPhase;
			buildActionMask = 2147483647;
			files = (
				899E4249289CBDB700866A75 /* ViewController.swift in Sources */,
				899E4245289CBDB700866A75 /* AppDelegate.swift in Sources */,
				899E4247289CBDB700866A75 /* SceneDelegate.swift in Sources */,
			);
			runOnlyForDeploymentPostprocessing = 0;
		};
		899E4253289CBDB800866A75 /* Sources */ = {
			isa = PBXSourcesBuildPhase;
			buildActionMask = 2147483647;
			files = (
				899E425C289CBDB800866A75 /* iOSPracticeTests.swift in Sources */,
			);
			runOnlyForDeploymentPostprocessing = 0;
		};
		899E425D289CBDB800866A75 /* Sources */ = {
			isa = PBXSourcesBuildPhase;
			buildActionMask = 2147483647;
			files = (
				899E4266289CBDB800866A75 /* iOSPracticeUITests.swift in Sources */,
				899E4268289CBDB800866A75 /* iOSPracticeUITestsLaunchTests.swift in Sources */,
			);
			runOnlyForDeploymentPostprocessing = 0;
		};
/* End PBXSourcesBuildPhase section */

/* Begin PBXTargetDependency section */
		899E4259289CBDB800866A75 /* PBXTargetDependency */ = {
			isa = PBXTargetDependency;
			target = 899E4240289CBDB700866A75 /* iOSPractice */;
			targetProxy = 899E4258289CBDB800866A75 /* PBXContainerItemProxy */;
		};
		899E4263289CBDB800866A75 /* PBXTargetDependency */ = {
			isa = PBXTargetDependency;
			target = 899E4240289CBDB700866A75 /* iOSPractice */;
			targetProxy = 899E4262289CBDB800866A75 /* PBXContainerItemProxy */;
		};
/* End PBXTargetDependency section */

/* Begin PBXVariantGroup section */
		899E424A289CBDB700866A75 /* Main.storyboard */ = {
			isa = PBXVariantGroup;
			children = (
				899E424B289CBDB700866A75 /* Base */,
			);
			name = Main.storyboard;
			sourceTree = "<group>";
		};
		899E424F289CBDB800866A75 /* LaunchScreen.storyboard */ = {
			isa = PBXVariantGroup;
			children = (
				899E4250289CBDB800866A75 /* Base */,
			);
			name = LaunchScreen.storyboard;
			sourceTree = "<group>";
		};
/* End PBXVariantGroup section */

/* Begin XCBuildConfiguration section */
		899E4269289CBDB800866A75 /* Debug */ = {
			isa = XCBuildConfiguration;
			buildSettings = {
				ALWAYS_SEARCH_USER_PATHS = NO;
				CLANG_ANALYZER_NONNULL = YES;
				CLANG_ANALYZER_NUMBER_OBJECT_CONVERSION = YES_AGGRESSIVE;
				CLANG_CXX_LANGUAGE_STANDARD = "gnu++17";
				CLANG_ENABLE_MODULES = YES;
				CLANG_ENABLE_OBJC_ARC = YES;
				CLANG_ENABLE_OBJC_WEAK = YES;
				CLANG_WARN_BLOCK_CAPTURE_AUTORELEASING = YES;
				CLANG_WARN_BOOL_CONVERSION = YES;
				CLANG_WARN_COMMA = YES;
				CLANG_WARN_CONSTANT_CONVERSION = YES;
				CLANG_WARN_DEPRECATED_OBJC_IMPLEMENTATIONS = YES;
				CLANG_WARN_DIRECT_OBJC_ISA_USAGE = YES_ERROR;
				CLANG_WARN_DOCUMENTATION_COMMENTS = YES;
				CLANG_WARN_EMPTY_BODY = YES;
				CLANG_WARN_ENUM_CONVERSION = YES;
				CLANG_WARN_INFINITE_RECURSION = YES;
				CLANG_WARN_INT_CONVERSION = YES;
				CLANG_WARN_NON_LITERAL_NULL_CONVERSION = YES;
				CLANG_WARN_OBJC_IMPLICIT_RETAIN_SELF = YES;
				CLANG_WARN_OBJC_LITERAL_CONVERSION = YES;
				CLANG_WARN_OBJC_ROOT_CLASS = YES_ERROR;
				CLANG_WARN_QUOTED_INCLUDE_IN_FRAMEWORK_HEADER = YES;
				CLANG_WARN_RANGE_LOOP_ANALYSIS = YES;
				CLANG_WARN_STRICT_PROTOTYPES = YES;
				CLANG_WARN_SUSPICIOUS_MOVE = YES;
				CLANG_WARN_UNGUARDED_AVAILABILITY = YES_AGGRESSIVE;
				CLANG_WARN_UNREACHABLE_CODE = YES;
				CLANG_WARN__DUPLICATE_METHOD_MATCH = YES;
				COPY_PHASE_STRIP = NO;
				DEBUG_INFORMATION_FORMAT = dwarf;
				ENABLE_STRICT_OBJC_MSGSEND = YES;
				ENABLE_TESTABILITY = YES;
				GCC_C_LANGUAGE_STANDARD = gnu11;
				GCC_DYNAMIC_NO_PIC = NO;
				GCC_NO_COMMON_BLOCKS = YES;
				GCC_OPTIMIZATION_LEVEL = 0;
				GCC_PREPROCESSOR_DEFINITIONS = (
					"DEBUG=1",
					"$(inherited)",
				);
				GCC_WARN_64_TO_32_BIT_CONVERSION = YES;
				GCC_WARN_ABOUT_RETURN_TYPE = YES_ERROR;
				GCC_WARN_UNDECLARED_SELECTOR = YES;
				GCC_WARN_UNINITIALIZED_AUTOS = YES_AGGRESSIVE;
				GCC_WARN_UNUSED_FUNCTION = YES;
				GCC_WARN_UNUSED_VARIABLE = YES;
				IPHONEOS_DEPLOYMENT_TARGET = 15.5;
				MTL_ENABLE_DEBUG_INFO = INCLUDE_SOURCE;
				MTL_FAST_MATH = YES;
				ONLY_ACTIVE_ARCH = YES;
				SDKROOT = iphoneos;
				SWIFT_ACTIVE_COMPILATION_CONDITIONS = DEBUG;
				SWIFT_OPTIMIZATION_LEVEL = "-Onone";
			};
			name = Debug;
		};
		899E426A289CBDB800866A75 /* Release */ = {
			isa = XCBuildConfiguration;
			buildSettings = {
				ALWAYS_SEARCH_USER_PATHS = NO;
				CLANG_ANALYZER_NONNULL = YES;
				CLANG_ANALYZER_NUMBER_OBJECT_CONVERSION = YES_AGGRESSIVE;
				CLANG_CXX_LANGUAGE_STANDARD = "gnu++17";
				CLANG_ENABLE_MODULES = YES;
				CLANG_ENABLE_OBJC_ARC = YES;
				CLANG_ENABLE_OBJC_WEAK = YES;
				CLANG_WARN_BLOCK_CAPTURE_AUTORELEASING = YES;
				CLANG_WARN_BOOL_CONVERSION = YES;
				CLANG_WARN_COMMA = YES;
				CLANG_WARN_CONSTANT_CONVERSION = YES;
				CLANG_WARN_DEPRECATED_OBJC_IMPLEMENTATIONS = YES;
				CLANG_WARN_DIRECT_OBJC_ISA_USAGE = YES_ERROR;
				CLANG_WARN_DOCUMENTATION_COMMENTS = YES;
				CLANG_WARN_EMPTY_BODY = YES;
				CLANG_WARN_ENUM_CONVERSION = YES;
				CLANG_WARN_INFINITE_RECURSION = YES;
				CLANG_WARN_INT_CONVERSION = YES;
				CLANG_WARN_NON_LITERAL_NULL_CONVERSION = YES;
				CLANG_WARN_OBJC_IMPLICIT_RETAIN_SELF = YES;
				CLANG_WARN_OBJC_LITERAL_CONVERSION = YES;
				CLANG_WARN_OBJC_ROOT_CLASS = YES_ERROR;
				CLANG_WARN_QUOTED_INCLUDE_IN_FRAMEWORK_HEADER = YES;
				CLANG_WARN_RANGE_LOOP_ANALYSIS = YES;
				CLANG_WARN_STRICT_PROTOTYPES = YES;
				CLANG_WARN_SUSPICIOUS_MOVE = YES;
				CLANG_WARN_UNGUARDED_AVAILABILITY = YES_AGGRESSIVE;
				CLANG_WARN_UNREACHABLE_CODE = YES;
				CLANG_WARN__DUPLICATE_METHOD_MATCH = YES;
				COPY_PHASE_STRIP = NO;
				DEBUG_INFORMATION_FORMAT = "dwarf-with-dsym";
				ENABLE_NS_ASSERTIONS = NO;
				ENABLE_STRICT_OBJC_MSGSEND = YES;
				GCC_C_LANGUAGE_STANDARD = gnu11;
				GCC_NO_COMMON_BLOCKS = YES;
				GCC_WARN_64_TO_32_BIT_CONVERSION = YES;
				GCC_WARN_ABOUT_RETURN_TYPE = YES_ERROR;
				GCC_WARN_UNDECLARED_SELECTOR = YES;
				GCC_WARN_UNINITIALIZED_AUTOS = YES_AGGRESSIVE;
				GCC_WARN_UNUSED_FUNCTION = YES;
				GCC_WARN_UNUSED_VARIABLE = YES;
				IPHONEOS_DEPLOYMENT_TARGET = 15.5;
				MTL_ENABLE_DEBUG_INFO = NO;
				MTL_FAST_MATH = YES;
				SDKROOT = iphoneos;
				SWIFT_COMPILATION_MODE = wholemodule;
				SWIFT_OPTIMIZATION_LEVEL = "-O";
				VALIDATE_PRODUCT = YES;
			};
			name = Release;
		};
		899E426C289CBDB800866A75 /* Debug */ = {
			isa = XCBuildConfiguration;
			buildSettings = {
				ASSETCATALOG_COMPILER_APPICON_NAME = AppIcon;
				ASSETCATALOG_COMPILER_GLOBAL_ACCENT_COLOR_NAME = AccentColor;
				CODE_SIGN_STYLE = Automatic;
				CURRENT_PROJECT_VERSION = 1;
				DEVELOPMENT_TEAM = 4NU36J8PP2;
				GENERATE_INFOPLIST_FILE = YES;
				INFOPLIST_FILE = iOSPractice/Info.plist;
				INFOPLIST_KEY_UIApplicationSupportsIndirectInputEvents = YES;
				INFOPLIST_KEY_UILaunchStoryboardName = LaunchScreen;
				INFOPLIST_KEY_UIMainStoryboardFile = Main;
				INFOPLIST_KEY_UISupportedInterfaceOrientations_iPad = "UIInterfaceOrientationPortrait UIInterfaceOrientationPortraitUpsideDown UIInterfaceOrientationLandscapeLeft UIInterfaceOrientationLandscapeRight";
				INFOPLIST_KEY_UISupportedInterfaceOrientations_iPhone = "UIInterfaceOrientationPortrait UIInterfaceOrientationLandscapeLeft UIInterfaceOrientationLandscapeRight";
				LD_RUNPATH_SEARCH_PATHS = (
					"$(inherited)",
					"@executable_path/Frameworks",
				);
				MARKETING_VERSION = 1.0;
				PRODUCT_BUNDLE_IDENTIFIER = com.moshiour.iOSPractice;
				PRODUCT_NAME = "$(TARGET_NAME)";
				SWIFT_EMIT_LOC_STRINGS = YES;
				SWIFT_VERSION = 5.0;
				TARGETED_DEVICE_FAMILY = "1,2";
			};
			name = Debug;
		};
		899E426D289CBDB800866A75 /* Release */ = {
			isa = XCBuildConfiguration;
			buildSettings = {
				ASSETCATALOG_COMPILER_APPICON_NAME = AppIcon;
				ASSETCATALOG_COMPILER_GLOBAL_ACCENT_COLOR_NAME = AccentColor;
				CODE_SIGN_STYLE = Automatic;
				CURRENT_PROJECT_VERSION = 1;
				DEVELOPMENT_TEAM = 4NU36J8PP2;
				GENERATE_INFOPLIST_FILE = YES;
				INFOPLIST_FILE = iOSPractice/Info.plist;
				INFOPLIST_KEY_UIApplicationSupportsIndirectInputEvents = YES;
				INFOPLIST_KEY_UILaunchStoryboardName = LaunchScreen;
				INFOPLIST_KEY_UIMainStoryboardFile = Main;
				INFOPLIST_KEY_UISupportedInterfaceOrientations_iPad = "UIInterfaceOrientationPortrait UIInterfaceOrientationPortraitUpsideDown UIInterfaceOrientationLandscapeLeft UIInterfaceOrientationLandscapeRight";
				INFOPLIST_KEY_UISupportedInterfaceOrientations_iPhone = "UIInterfaceOrientationPortrait UIInterfaceOrientationLandscapeLeft UIInterfaceOrientationLandscapeRight";
				LD_RUNPATH_SEARCH_PATHS = (
					"$(inherited)",
					"@executable_path/Frameworks",
				);
				MARKETING_VERSION = 1.0;
				PRODUCT_BUNDLE_IDENTIFIER = com.moshiour.iOSPractice;
				PRODUCT_NAME = "$(TARGET_NAME)";
				SWIFT_EMIT_LOC_STRINGS = YES;
				SWIFT_VERSION = 5.0;
				TARGETED_DEVICE_FAMILY = "1,2";
			};
			name = Release;
		};
		899E426F289CBDB800866A75 /* Debug */ = {
			isa = XCBuildConfiguration;
			buildSettings = {
				ALWAYS_EMBED_SWIFT_STANDARD_LIBRARIES = YES;
				BUNDLE_LOADER = "$(TEST_HOST)";
				CODE_SIGN_STYLE = Automatic;
				CURRENT_PROJECT_VERSION = 1;
				DEVELOPMENT_TEAM = 4NU36J8PP2;
				GENERATE_INFOPLIST_FILE = YES;
				IPHONEOS_DEPLOYMENT_TARGET = 15.5;
				MARKETING_VERSION = 1.0;
				PRODUCT_BUNDLE_IDENTIFIER = com.moshiour.iOSPracticeTests;
				PRODUCT_NAME = "$(TARGET_NAME)";
				SWIFT_EMIT_LOC_STRINGS = NO;
				SWIFT_VERSION = 5.0;
				TARGETED_DEVICE_FAMILY = "1,2";
				TEST_HOST = "$(BUILT_PRODUCTS_DIR)/iOSPractice.app/iOSPractice";
			};
			name = Debug;
		};
		899E4270289CBDB800866A75 /* Release */ = {
			isa = XCBuildConfiguration;
			buildSettings = {
				ALWAYS_EMBED_SWIFT_STANDARD_LIBRARIES = YES;
				BUNDLE_LOADER = "$(TEST_HOST)";
				CODE_SIGN_STYLE = Automatic;
				CURRENT_PROJECT_VERSION = 1;
				DEVELOPMENT_TEAM = 4NU36J8PP2;
				GENERATE_INFOPLIST_FILE = YES;
				IPHONEOS_DEPLOYMENT_TARGET = 15.5;
				MARKETING_VERSION = 1.0;
				PRODUCT_BUNDLE_IDENTIFIER = com.moshiour.iOSPracticeTests;
				PRODUCT_NAME = "$(TARGET_NAME)";
				SWIFT_EMIT_LOC_STRINGS = NO;
				SWIFT_VERSION = 5.0;
				TARGETED_DEVICE_FAMILY = "1,2";
				TEST_HOST = "$(BUILT_PRODUCTS_DIR)/iOSPractice.app/iOSPractice";
			};
			name = Release;
		};
		899E4272289CBDB800866A75 /* Debug */ = {
			isa = XCBuildConfiguration;
			buildSettings = {
				ALWAYS_EMBED_SWIFT_STANDARD_LIBRARIES = YES;
				CODE_SIGN_STYLE = Automatic;
				CURRENT_PROJECT_VERSION = 1;
				DEVELOPMENT_TEAM = 4NU36J8PP2;
				GENERATE_INFOPLIST_FILE = YES;
				MARKETING_VERSION = 1.0;
				PRODUCT_BUNDLE_IDENTIFIER = com.moshiour.iOSPracticeUITests;
				PRODUCT_NAME = "$(TARGET_NAME)";
				SWIFT_EMIT_LOC_STRINGS = NO;
				SWIFT_VERSION = 5.0;
				TARGETED_DEVICE_FAMILY = "1,2";
				TEST_TARGET_NAME = iOSPractice;
			};
			name = Debug;
		};
		899E4273289CBDB800866A75 /* Release */ = {
			isa = XCBuildConfiguration;
			buildSettings = {
				ALWAYS_EMBED_SWIFT_STANDARD_LIBRARIES = YES;
				CODE_SIGN_STYLE = Automatic;
				CURRENT_PROJECT_VERSION = 1;
				DEVELOPMENT_TEAM = 4NU36J8PP2;
				GENERATE_INFOPLIST_FILE = YES;
				MARKETING_VERSION = 1.0;
				PRODUCT_BUNDLE_IDENTIFIER = com.moshiour.iOSPracticeUITests;
				PRODUCT_NAME = "$(TARGET_NAME)";
				SWIFT_EMIT_LOC_STRINGS = NO;
				SWIFT_VERSION = 5.0;
				TARGETED_DEVICE_FAMILY = "1,2";
				TEST_TARGET_NAME = iOSPractice;
			};
			name = Release;
		};
/* End XCBuildConfiguration section */

/* Begin XCConfigurationList section */
		899E423C289CBDB700866A75 /* Build configuration list for PBXProject "iOSPractice" */ = {
			isa = XCConfigurationList;
			buildConfigurations = (
				899E4269289CBDB800866A75 /* Debug */,
				899E426A289CBDB800866A75 /* Release */,
			);
			defaultConfigurationIsVisible = 0;
			defaultConfigurationName = Release;
		};
		899E426B289CBDB800866A75 /* Build configuration list for PBXNativeTarget "iOSPractice" */ = {
			isa = XCConfigurationList;
			buildConfigurations = (
				899E426C289CBDB800866A75 /* Debug */,
				899E426D289CBDB800866A75 /* Release */,
			);
			defaultConfigurationIsVisible = 0;
			defaultConfigurationName = Release;
		};
		899E426E289CBDB800866A75 /* Build configuration list for PBXNativeTarget "iOSPracticeTests" */ = {
			isa = XCConfigurationList;
			buildConfigurations = (
				899E426F289CBDB800866A75 /* Debug */,
				899E4270289CBDB800866A75 /* Release */,
			);
			defaultConfigurationIsVisible = 0;
			defaultConfigurationName = Release;
		};
		899E4271289CBDB800866A75 /* Build configuration list for PBXNativeTarget "iOSPracticeUITests" */ = {
			isa = XCConfigurationList;
			buildConfigurations = (
				899E4272289CBDB800866A75 /* Debug */,
				899E4273289CBDB800866A75 /* Release */,
			);
			defaultConfigurationIsVisible = 0;
			defaultConfigurationName = Release;
		};
/* End XCConfigurationList section */
	};
	rootObject = 899E4239289CBDB700866A75 /* Project object */;
}
